// !$*UTF8*$!
{
	archiveVersion = 1;
	classes = {
	};
	objectVersion = 56;
	objects = {

/* Begin PBXBuildFile section */
		9431F2D82BB87F94002070B2 /* ComposableArch_ExampleApp.swift in Sources */ = {isa = PBXBuildFile; fileRef = 9431F2D72BB87F94002070B2 /* ComposableArch_ExampleApp.swift */; };
		9431F2DC2BB87F97002070B2 /* Assets.xcassets in Resources */ = {isa = PBXBuildFile; fileRef = 9431F2DB2BB87F97002070B2 /* Assets.xcassets */; };
		9431F2DF2BB87F97002070B2 /* Preview Assets.xcassets in Resources */ = {isa = PBXBuildFile; fileRef = 9431F2DE2BB87F97002070B2 /* Preview Assets.xcassets */; };
		946F25BB2BB8E79C00B1C8D1 /* CounterFeature.swift in Sources */ = {isa = PBXBuildFile; fileRef = 946F25BA2BB8E79C00B1C8D1 /* CounterFeature.swift */; };
		946F25C42BB8F6C600B1C8D1 /* CounterFeatureTests.swift in Sources */ = {isa = PBXBuildFile; fileRef = 946F25C32BB8F6C600B1C8D1 /* CounterFeatureTests.swift */; };
		946F25CB2BB9051000B1C8D1 /* NumberFactClient.swift in Sources */ = {isa = PBXBuildFile; fileRef = 946F25CA2BB9051000B1C8D1 /* NumberFactClient.swift */; };
		946F25CD2BB908C700B1C8D1 /* AppView.swift in Sources */ = {isa = PBXBuildFile; fileRef = 946F25CC2BB908C700B1C8D1 /* AppView.swift */; };
		946F25CF2BB909D900B1C8D1 /* AppFeatureTests.swift in Sources */ = {isa = PBXBuildFile; fileRef = 946F25CE2BB909D900B1C8D1 /* AppFeatureTests.swift */; };
		94CC7FD02BB8814F0035A5BD /* ComposableArchitecture in Frameworks */ = {isa = PBXBuildFile; productRef = 94CC7FCF2BB8814F0035A5BD /* ComposableArchitecture */; };
/* End PBXBuildFile section */

/* Begin PBXContainerItemProxy section */
		946F25C52BB8F6C600B1C8D1 /* PBXContainerItemProxy */ = {
			isa = PBXContainerItemProxy;
			containerPortal = 9431F2CC2BB87F94002070B2 /* Project object */;
			proxyType = 1;
			remoteGlobalIDString = 9431F2D32BB87F94002070B2;
			remoteInfo = "ComposableArch-Example";
		};
/* End PBXContainerItemProxy section */

/* Begin PBXFileReference section */
		9431F2D42BB87F94002070B2 /* ComposableArch-Example.app */ = {isa = PBXFileReference; explicitFileType = wrapper.application; includeInIndex = 0; path = "ComposableArch-Example.app"; sourceTree = BUILT_PRODUCTS_DIR; };
		9431F2D72BB87F94002070B2 /* ComposableArch_ExampleApp.swift */ = {isa = PBXFileReference; lastKnownFileType = sourcecode.swift; path = ComposableArch_ExampleApp.swift; sourceTree = "<group>"; };
		9431F2DB2BB87F97002070B2 /* Assets.xcassets */ = {isa = PBXFileReference; lastKnownFileType = folder.assetcatalog; path = Assets.xcassets; sourceTree = "<group>"; };
		9431F2DE2BB87F97002070B2 /* Preview Assets.xcassets */ = {isa = PBXFileReference; lastKnownFileType = folder.assetcatalog; path = "Preview Assets.xcassets"; sourceTree = "<group>"; };
		946F25BA2BB8E79C00B1C8D1 /* CounterFeature.swift */ = {isa = PBXFileReference; lastKnownFileType = sourcecode.swift; path = CounterFeature.swift; sourceTree = "<group>"; };
		946F25BC2BB8EEE500B1C8D1 /* Info.plist */ = {isa = PBXFileReference; lastKnownFileType = text.plist; path = Info.plist; sourceTree = "<group>"; };
		946F25C12BB8F6C600B1C8D1 /* UnitTests.xctest */ = {isa = PBXFileReference; explicitFileType = wrapper.cfbundle; includeInIndex = 0; path = UnitTests.xctest; sourceTree = BUILT_PRODUCTS_DIR; };
		946F25C32BB8F6C600B1C8D1 /* CounterFeatureTests.swift */ = {isa = PBXFileReference; lastKnownFileType = sourcecode.swift; path = CounterFeatureTests.swift; sourceTree = "<group>"; };
		946F25CA2BB9051000B1C8D1 /* NumberFactClient.swift */ = {isa = PBXFileReference; lastKnownFileType = sourcecode.swift; path = NumberFactClient.swift; sourceTree = "<group>"; };
		946F25CC2BB908C700B1C8D1 /* AppView.swift */ = {isa = PBXFileReference; lastKnownFileType = sourcecode.swift; path = AppView.swift; sourceTree = "<group>"; };
		946F25CE2BB909D900B1C8D1 /* AppFeatureTests.swift */ = {isa = PBXFileReference; lastKnownFileType = sourcecode.swift; path = AppFeatureTests.swift; sourceTree = "<group>"; };
/* End PBXFileReference section */

/* Begin PBXFrameworksBuildPhase section */
		9431F2D12BB87F94002070B2 /* Frameworks */ = {
			isa = PBXFrameworksBuildPhase;
			buildActionMask = 2147483647;
			files = (
				94CC7FD02BB8814F0035A5BD /* ComposableArchitecture in Frameworks */,
			);
			runOnlyForDeploymentPostprocessing = 0;
		};
		946F25BE2BB8F6C600B1C8D1 /* Frameworks */ = {
			isa = PBXFrameworksBuildPhase;
			buildActionMask = 2147483647;
			files = (
			);
			runOnlyForDeploymentPostprocessing = 0;
		};
/* End PBXFrameworksBuildPhase section */

/* Begin PBXGroup section */
		9431F2CB2BB87F94002070B2 = {
			isa = PBXGroup;
			children = (
				9431F2D62BB87F94002070B2 /* ComposableArch-Example */,
				946F25C22BB8F6C600B1C8D1 /* UnitTests */,
				9431F2D52BB87F94002070B2 /* Products */,
			);
			sourceTree = "<group>";
		};
		9431F2D52BB87F94002070B2 /* Products */ = {
			isa = PBXGroup;
			children = (
				9431F2D42BB87F94002070B2 /* ComposableArch-Example.app */,
				946F25C12BB8F6C600B1C8D1 /* UnitTests.xctest */,
			);
			name = Products;
			sourceTree = "<group>";
		};
		9431F2D62BB87F94002070B2 /* ComposableArch-Example */ = {
			isa = PBXGroup;
			children = (
				946F25BC2BB8EEE500B1C8D1 /* Info.plist */,
				9431F2D72BB87F94002070B2 /* ComposableArch_ExampleApp.swift */,
				9431F2DB2BB87F97002070B2 /* Assets.xcassets */,
				9431F2DD2BB87F97002070B2 /* Preview Content */,
				946F25BA2BB8E79C00B1C8D1 /* CounterFeature.swift */,
				946F25CA2BB9051000B1C8D1 /* NumberFactClient.swift */,
				946F25CC2BB908C700B1C8D1 /* AppView.swift */,
			);
			path = "ComposableArch-Example";
			sourceTree = "<group>";
		};
		9431F2DD2BB87F97002070B2 /* Preview Content */ = {
			isa = PBXGroup;
			children = (
				9431F2DE2BB87F97002070B2 /* Preview Assets.xcassets */,
			);
			path = "Preview Content";
			sourceTree = "<group>";
		};
		946F25C22BB8F6C600B1C8D1 /* UnitTests */ = {
			isa = PBXGroup;
			children = (
				946F25C32BB8F6C600B1C8D1 /* CounterFeatureTests.swift */,
				946F25CE2BB909D900B1C8D1 /* AppFeatureTests.swift */,
			);
			path = UnitTests;
			sourceTree = "<group>";
		};
/* End PBXGroup section */

/* Begin PBXNativeTarget section */
		9431F2D32BB87F94002070B2 /* ComposableArch-Example */ = {
			isa = PBXNativeTarget;
			buildConfigurationList = 9431F2E22BB87F97002070B2 /* Build configuration list for PBXNativeTarget "ComposableArch-Example" */;
			buildPhases = (
				9431F2D02BB87F94002070B2 /* Sources */,
				9431F2D12BB87F94002070B2 /* Frameworks */,
				9431F2D22BB87F94002070B2 /* Resources */,
			);
			buildRules = (
			);
			dependencies = (
			);
			name = "ComposableArch-Example";
			packageProductDependencies = (
				94CC7FCF2BB8814F0035A5BD /* ComposableArchitecture */,
			);
			productName = "ComposableArch-Example";
			productReference = 9431F2D42BB87F94002070B2 /* ComposableArch-Example.app */;
			productType = "com.apple.product-type.application";
		};
		946F25C02BB8F6C600B1C8D1 /* UnitTests */ = {
			isa = PBXNativeTarget;
			buildConfigurationList = 946F25C72BB8F6C600B1C8D1 /* Build configuration list for PBXNativeTarget "UnitTests" */;
			buildPhases = (
				946F25BD2BB8F6C600B1C8D1 /* Sources */,
				946F25BE2BB8F6C600B1C8D1 /* Frameworks */,
				946F25BF2BB8F6C600B1C8D1 /* Resources */,
			);
			buildRules = (
			);
			dependencies = (
				946F25C62BB8F6C600B1C8D1 /* PBXTargetDependency */,
			);
			name = UnitTests;
			productName = UnitTests;
			productReference = 946F25C12BB8F6C600B1C8D1 /* UnitTests.xctest */;
			productType = "com.apple.product-type.bundle.unit-test";
		};
/* End PBXNativeTarget section */

/* Begin PBXProject section */
		9431F2CC2BB87F94002070B2 /* Project object */ = {
			isa = PBXProject;
			attributes = {
				BuildIndependentTargetsInParallel = 1;
				LastSwiftUpdateCheck = 1510;
				LastUpgradeCheck = 1510;
				TargetAttributes = {
					9431F2D32BB87F94002070B2 = {
						CreatedOnToolsVersion = 15.1;
					};
					946F25C02BB8F6C600B1C8D1 = {
						CreatedOnToolsVersion = 15.1;
						TestTargetID = 9431F2D32BB87F94002070B2;
					};
				};
			};
			buildConfigurationList = 9431F2CF2BB87F94002070B2 /* Build configuration list for PBXProject "ComposableArch-Example" */;
			compatibilityVersion = "Xcode 14.0";
			developmentRegion = en;
			hasScannedForEncodings = 0;
			knownRegions = (
				en,
				Base,
			);
			mainGroup = 9431F2CB2BB87F94002070B2;
			packageReferences = (
				94CC7FCE2BB8814F0035A5BD /* XCRemoteSwiftPackageReference "swift-composable-architecture" */,
			);
			productRefGroup = 9431F2D52BB87F94002070B2 /* Products */;
			projectDirPath = "";
			projectRoot = "";
			targets = (
				9431F2D32BB87F94002070B2 /* ComposableArch-Example */,
				946F25C02BB8F6C600B1C8D1 /* UnitTests */,
			);
		};
/* End PBXProject section */

/* Begin PBXResourcesBuildPhase section */
		9431F2D22BB87F94002070B2 /* Resources */ = {
			isa = PBXResourcesBuildPhase;
			buildActionMask = 2147483647;
			files = (
				9431F2DF2BB87F97002070B2 /* Preview Assets.xcassets in Resources */,
				9431F2DC2BB87F97002070B2 /* Assets.xcassets in Resources */,
			);
			runOnlyForDeploymentPostprocessing = 0;
		};
		946F25BF2BB8F6C600B1C8D1 /* Resources */ = {
			isa = PBXResourcesBuildPhase;
			buildActionMask = 2147483647;
			files = (
			);
			runOnlyForDeploymentPostprocessing = 0;
		};
/* End PBXResourcesBuildPhase section */

/* Begin PBXSourcesBuildPhase section */
		9431F2D02BB87F94002070B2 /* Sources */ = {
			isa = PBXSourcesBuildPhase;
			buildActionMask = 2147483647;
			files = (
				946F25CD2BB908C700B1C8D1 /* AppView.swift in Sources */,
				946F25CB2BB9051000B1C8D1 /* NumberFactClient.swift in Sources */,
				946F25BB2BB8E79C00B1C8D1 /* CounterFeature.swift in Sources */,
				9431F2D82BB87F94002070B2 /* ComposableArch_ExampleApp.swift in Sources */,
			);
			runOnlyForDeploymentPostprocessing = 0;
		};
		946F25BD2BB8F6C600B1C8D1 /* Sources */ = {
			isa = PBXSourcesBuildPhase;
			buildActionMask = 2147483647;
			files = (
				946F25CF2BB909D900B1C8D1 /* AppFeatureTests.swift in Sources */,
				946F25C42BB8F6C600B1C8D1 /* CounterFeatureTests.swift in Sources */,
			);
			runOnlyForDeploymentPostprocessing = 0;
		};
/* End PBXSourcesBuildPhase section */

/* Begin PBXTargetDependency section */
		946F25C62BB8F6C600B1C8D1 /* PBXTargetDependency */ = {
			isa = PBXTargetDependency;
			target = 9431F2D32BB87F94002070B2 /* ComposableArch-Example */;
			targetProxy = 946F25C52BB8F6C600B1C8D1 /* PBXContainerItemProxy */;
		};
/* End PBXTargetDependency section */

/* Begin XCBuildConfiguration section */
		9431F2E02BB87F97002070B2 /* Debug */ = {
			isa = XCBuildConfiguration;
			buildSettings = {
				ALWAYS_SEARCH_USER_PATHS = NO;
				ASSETCATALOG_COMPILER_GENERATE_SWIFT_ASSET_SYMBOL_EXTENSIONS = YES;
				CLANG_ANALYZER_NONNULL = YES;
				CLANG_ANALYZER_NUMBER_OBJECT_CONVERSION = YES_AGGRESSIVE;
				CLANG_CXX_LANGUAGE_STANDARD = "gnu++20";
				CLANG_ENABLE_MODULES = YES;
				CLANG_ENABLE_OBJC_ARC = YES;
				CLANG_ENABLE_OBJC_WEAK = YES;
				CLANG_WARN_BLOCK_CAPTURE_AUTORELEASING = YES;
				CLANG_WARN_BOOL_CONVERSION = YES;
				CLANG_WARN_COMMA = YES;
				CLANG_WARN_CONSTANT_CONVERSION = YES;
				CLANG_WARN_DEPRECATED_OBJC_IMPLEMENTATIONS = YES;
				CLANG_WARN_DIRECT_OBJC_ISA_USAGE = YES_ERROR;
				CLANG_WARN_DOCUMENTATION_COMMENTS = YES;
				CLANG_WARN_EMPTY_BODY = YES;
				CLANG_WARN_ENUM_CONVERSION = YES;
				CLANG_WARN_INFINITE_RECURSION = YES;
				CLANG_WARN_INT_CONVERSION = YES;
				CLANG_WARN_NON_LITERAL_NULL_CONVERSION = YES;
				CLANG_WARN_OBJC_IMPLICIT_RETAIN_SELF = YES;
				CLANG_WARN_OBJC_LITERAL_CONVERSION = YES;
				CLANG_WARN_OBJC_ROOT_CLASS = YES_ERROR;
				CLANG_WARN_QUOTED_INCLUDE_IN_FRAMEWORK_HEADER = YES;
				CLANG_WARN_RANGE_LOOP_ANALYSIS = YES;
				CLANG_WARN_STRICT_PROTOTYPES = YES;
				CLANG_WARN_SUSPICIOUS_MOVE = YES;
				CLANG_WARN_UNGUARDED_AVAILABILITY = YES_AGGRESSIVE;
				CLANG_WARN_UNREACHABLE_CODE = YES;
				CLANG_WARN__DUPLICATE_METHOD_MATCH = YES;
				COPY_PHASE_STRIP = NO;
				DEBUG_INFORMATION_FORMAT = dwarf;
				ENABLE_STRICT_OBJC_MSGSEND = YES;
				ENABLE_TESTABILITY = YES;
				ENABLE_USER_SCRIPT_SANDBOXING = YES;
				GCC_C_LANGUAGE_STANDARD = gnu17;
				GCC_DYNAMIC_NO_PIC = NO;
				GCC_NO_COMMON_BLOCKS = YES;
				GCC_OPTIMIZATION_LEVEL = 0;
				GCC_PREPROCESSOR_DEFINITIONS = (
					"DEBUG=1",
					"$(inherited)",
				);
				GCC_WARN_64_TO_32_BIT_CONVERSION = YES;
				GCC_WARN_ABOUT_RETURN_TYPE = YES_ERROR;
				GCC_WARN_UNDECLARED_SELECTOR = YES;
				GCC_WARN_UNINITIALIZED_AUTOS = YES_AGGRESSIVE;
				GCC_WARN_UNUSED_FUNCTION = YES;
				GCC_WARN_UNUSED_VARIABLE = YES;
				IPHONEOS_DEPLOYMENT_TARGET = 16.4;
				LOCALIZATION_PREFERS_STRING_CATALOGS = YES;
				MTL_ENABLE_DEBUG_INFO = INCLUDE_SOURCE;
				MTL_FAST_MATH = YES;
				ONLY_ACTIVE_ARCH = YES;
				SDKROOT = iphoneos;
				SWIFT_ACTIVE_COMPILATION_CONDITIONS = "DEBUG $(inherited)";
				SWIFT_OPTIMIZATION_LEVEL = "-Onone";
			};
			name = Debug;
		};
		9431F2E12BB87F97002070B2 /* Release */ = {
			isa = XCBuildConfiguration;
			buildSettings = {
				ALWAYS_SEARCH_USER_PATHS = NO;
				ASSETCATALOG_COMPILER_GENERATE_SWIFT_ASSET_SYMBOL_EXTENSIONS = YES;
				CLANG_ANALYZER_NONNULL = YES;
				CLANG_ANALYZER_NUMBER_OBJECT_CONVERSION = YES_AGGRESSIVE;
				CLANG_CXX_LANGUAGE_STANDARD = "gnu++20";
				CLANG_ENABLE_MODULES = YES;
				CLANG_ENABLE_OBJC_ARC = YES;
				CLANG_ENABLE_OBJC_WEAK = YES;
				CLANG_WARN_BLOCK_CAPTURE_AUTORELEASING = YES;
				CLANG_WARN_BOOL_CONVERSION = YES;
				CLANG_WARN_COMMA = YES;
				CLANG_WARN_CONSTANT_CONVERSION = YES;
				CLANG_WARN_DEPRECATED_OBJC_IMPLEMENTATIONS = YES;
				CLANG_WARN_DIRECT_OBJC_ISA_USAGE = YES_ERROR;
				CLANG_WARN_DOCUMENTATION_COMMENTS = YES;
				CLANG_WARN_EMPTY_BODY = YES;
				CLANG_WARN_ENUM_CONVERSION = YES;
				CLANG_WARN_INFINITE_RECURSION = YES;
				CLANG_WARN_INT_CONVERSION = YES;
				CLANG_WARN_NON_LITERAL_NULL_CONVERSION = YES;
				CLANG_WARN_OBJC_IMPLICIT_RETAIN_SELF = YES;
				CLANG_WARN_OBJC_LITERAL_CONVERSION = YES;
				CLANG_WARN_OBJC_ROOT_CLASS = YES_ERROR;
				CLANG_WARN_QUOTED_INCLUDE_IN_FRAMEWORK_HEADER = YES;
				CLANG_WARN_RANGE_LOOP_ANALYSIS = YES;
				CLANG_WARN_STRICT_PROTOTYPES = YES;
				CLANG_WARN_SUSPICIOUS_MOVE = YES;
				CLANG_WARN_UNGUARDED_AVAILABILITY = YES_AGGRESSIVE;
				CLANG_WARN_UNREACHABLE_CODE = YES;
				CLANG_WARN__DUPLICATE_METHOD_MATCH = YES;
				COPY_PHASE_STRIP = NO;
				DEBUG_INFORMATION_FORMAT = "dwarf-with-dsym";
				ENABLE_NS_ASSERTIONS = NO;
				ENABLE_STRICT_OBJC_MSGSEND = YES;
				ENABLE_USER_SCRIPT_SANDBOXING = YES;
				GCC_C_LANGUAGE_STANDARD = gnu17;
				GCC_NO_COMMON_BLOCKS = YES;
				GCC_WARN_64_TO_32_BIT_CONVERSION = YES;
				GCC_WARN_ABOUT_RETURN_TYPE = YES_ERROR;
				GCC_WARN_UNDECLARED_SELECTOR = YES;
				GCC_WARN_UNINITIALIZED_AUTOS = YES_AGGRESSIVE;
				GCC_WARN_UNUSED_FUNCTION = YES;
				GCC_WARN_UNUSED_VARIABLE = YES;
				IPHONEOS_DEPLOYMENT_TARGET = 16.4;
				LOCALIZATION_PREFERS_STRING_CATALOGS = YES;
				MTL_ENABLE_DEBUG_INFO = NO;
				MTL_FAST_MATH = YES;
				SDKROOT = iphoneos;
				SWIFT_COMPILATION_MODE = wholemodule;
				VALIDATE_PRODUCT = YES;
			};
			name = Release;
		};
		9431F2E32BB87F97002070B2 /* Debug */ = {
			isa = XCBuildConfiguration;
			buildSettings = {
				ASSETCATALOG_COMPILER_APPICON_NAME = AppIcon;
				ASSETCATALOG_COMPILER_GLOBAL_ACCENT_COLOR_NAME = AccentColor;
				CODE_SIGN_STYLE = Automatic;
				CURRENT_PROJECT_VERSION = 1;
				DEVELOPMENT_ASSET_PATHS = "\"ComposableArch-Example/Preview Content\"";
				DEVELOPMENT_TEAM = 435ZY68D35;
				ENABLE_PREVIEWS = YES;
				GENERATE_INFOPLIST_FILE = YES;
				INFOPLIST_FILE = "ComposableArch-Example/Info.plist";
				INFOPLIST_KEY_UIApplicationSceneManifest_Generation = YES;
				INFOPLIST_KEY_UIApplicationSupportsIndirectInputEvents = YES;
				INFOPLIST_KEY_UILaunchScreen_Generation = YES;
				INFOPLIST_KEY_UISupportedInterfaceOrientations_iPad = "UIInterfaceOrientationPortrait UIInterfaceOrientationPortraitUpsideDown UIInterfaceOrientationLandscapeLeft UIInterfaceOrientationLandscapeRight";
				INFOPLIST_KEY_UISupportedInterfaceOrientations_iPhone = "UIInterfaceOrientationPortrait UIInterfaceOrientationLandscapeLeft UIInterfaceOrientationLandscapeRight";
				LD_RUNPATH_SEARCH_PATHS = (
					"$(inherited)",
					"@executable_path/Frameworks",
				);
				MARKETING_VERSION = 1.0;
				PRODUCT_BUNDLE_IDENTIFIER = "com.cg.ComposableArch-Example";
				PRODUCT_NAME = "$(TARGET_NAME)";
				SUPPORTED_PLATFORMS = "iphoneos iphonesimulator";
				SUPPORTS_MACCATALYST = NO;
				SUPPORTS_MAC_DESIGNED_FOR_IPHONE_IPAD = NO;
				SWIFT_EMIT_LOC_STRINGS = YES;
				SWIFT_VERSION = 5.0;
				TARGETED_DEVICE_FAMILY = 1;
			};
			name = Debug;
		};
		9431F2E42BB87F97002070B2 /* Release */ = {
			isa = XCBuildConfiguration;
			buildSettings = {
				ASSETCATALOG_COMPILER_APPICON_NAME = AppIcon;
				ASSETCATALOG_COMPILER_GLOBAL_ACCENT_COLOR_NAME = AccentColor;
				CODE_SIGN_STYLE = Automatic;
				CURRENT_PROJECT_VERSION = 1;
				DEVELOPMENT_ASSET_PATHS = "\"ComposableArch-Example/Preview Content\"";
				DEVELOPMENT_TEAM = 435ZY68D35;
				ENABLE_PREVIEWS = YES;
				GENERATE_INFOPLIST_FILE = YES;
				INFOPLIST_FILE = "ComposableArch-Example/Info.plist";
				INFOPLIST_KEY_UIApplicationSceneManifest_Generation = YES;
				INFOPLIST_KEY_UIApplicationSupportsIndirectInputEvents = YES;
				INFOPLIST_KEY_UILaunchScreen_Generation = YES;
				INFOPLIST_KEY_UISupportedInterfaceOrientations_iPad = "UIInterfaceOrientationPortrait UIInterfaceOrientationPortraitUpsideDown UIInterfaceOrientationLandscapeLeft UIInterfaceOrientationLandscapeRight";
				INFOPLIST_KEY_UISupportedInterfaceOrientations_iPhone = "UIInterfaceOrientationPortrait UIInterfaceOrientationLandscapeLeft UIInterfaceOrientationLandscapeRight";
				LD_RUNPATH_SEARCH_PATHS = (
					"$(inherited)",
					"@executable_path/Frameworks",
				);
				MARKETING_VERSION = 1.0;
				PRODUCT_BUNDLE_IDENTIFIER = "com.cg.ComposableArch-Example";
				PRODUCT_NAME = "$(TARGET_NAME)";
				SUPPORTED_PLATFORMS = "iphoneos iphonesimulator";
				SUPPORTS_MACCATALYST = NO;
				SUPPORTS_MAC_DESIGNED_FOR_IPHONE_IPAD = NO;
				SWIFT_EMIT_LOC_STRINGS = YES;
				SWIFT_VERSION = 5.0;
				TARGETED_DEVICE_FAMILY = 1;
			};
			name = Release;
		};
		946F25C82BB8F6C600B1C8D1 /* Debug */ = {
			isa = XCBuildConfiguration;
			buildSettings = {
				BUNDLE_LOADER = "$(TEST_HOST)";
				CODE_SIGN_STYLE = Automatic;
				CURRENT_PROJECT_VERSION = 1;
				DEVELOPMENT_TEAM = 435ZY68D35;
				GENERATE_INFOPLIST_FILE = YES;
				IPHONEOS_DEPLOYMENT_TARGET = 17.2;
				MARKETING_VERSION = 1.0;
				PRODUCT_BUNDLE_IDENTIFIER = com.cg.UnitTests;
				PRODUCT_NAME = "$(TARGET_NAME)";
				SWIFT_EMIT_LOC_STRINGS = NO;
				SWIFT_VERSION = 5.0;
				TARGETED_DEVICE_FAMILY = "1,2";
				TEST_HOST = "$(BUILT_PRODUCTS_DIR)/ComposableArch-Example.app/$(BUNDLE_EXECUTABLE_FOLDER_PATH)/ComposableArch-Example";
			};
			name = Debug;
		};
		946F25C92BB8F6C600B1C8D1 /* Release */ = {
			isa = XCBuildConfiguration;
			buildSettings = {
				BUNDLE_LOADER = "$(TEST_HOST)";
				CODE_SIGN_STYLE = Automatic;
				CURRENT_PROJECT_VERSION = 1;
				DEVELOPMENT_TEAM = 435ZY68D35;
				GENERATE_INFOPLIST_FILE = YES;
				IPHONEOS_DEPLOYMENT_TARGET = 17.2;
				MARKETING_VERSION = 1.0;
				PRODUCT_BUNDLE_IDENTIFIER = com.cg.UnitTests;
				PRODUCT_NAME = "$(TARGET_NAME)";
				SWIFT_EMIT_LOC_STRINGS = NO;
				SWIFT_VERSION = 5.0;
				TARGETED_DEVICE_FAMILY = "1,2";
				TEST_HOST = "$(BUILT_PRODUCTS_DIR)/ComposableArch-Example.app/$(BUNDLE_EXECUTABLE_FOLDER_PATH)/ComposableArch-Example";
			};
			name = Release;
		};
/* End XCBuildConfiguration section */

/* Begin XCConfigurationList section */
		9431F2CF2BB87F94002070B2 /* Build configuration list for PBXProject "ComposableArch-Example" */ = {
			isa = XCConfigurationList;
			buildConfigurations = (
				9431F2E02BB87F97002070B2 /* Debug */,
				9431F2E12BB87F97002070B2 /* Release */,
			);
			defaultConfigurationIsVisible = 0;
			defaultConfigurationName = Release;
		};
		9431F2E22BB87F97002070B2 /* Build configuration list for PBXNativeTarget "ComposableArch-Example" */ = {
			isa = XCConfigurationList;
			buildConfigurations = (
				9431F2E32BB87F97002070B2 /* Debug */,
				9431F2E42BB87F97002070B2 /* Release */,
			);
			defaultConfigurationIsVisible = 0;
			defaultConfigurationName = Release;
		};
		946F25C72BB8F6C600B1C8D1 /* Build configuration list for PBXNativeTarget "UnitTests" */ = {
			isa = XCConfigurationList;
			buildConfigurations = (
				946F25C82BB8F6C600B1C8D1 /* Debug */,
				946F25C92BB8F6C600B1C8D1 /* Release */,
			);
			defaultConfigurationIsVisible = 0;
			defaultConfigurationName = Release;
		};
/* End XCConfigurationList section */

/* Begin XCRemoteSwiftPackageReference section */
		94CC7FCE2BB8814F0035A5BD /* XCRemoteSwiftPackageReference "swift-composable-architecture" */ = {
			isa = XCRemoteSwiftPackageReference;
			repositoryURL = "https://github.com/pointfreeco/swift-composable-architecture";
			requirement = {
				kind = upToNextMajorVersion;
				minimumVersion = 1.9.2;
			};
		};
/* End XCRemoteSwiftPackageReference section */

/* Begin XCSwiftPackageProductDependency section */
		94CC7FCF2BB8814F0035A5BD /* ComposableArchitecture */ = {
			isa = XCSwiftPackageProductDependency;
			package = 94CC7FCE2BB8814F0035A5BD /* XCRemoteSwiftPackageReference "swift-composable-architecture" */;
			productName = ComposableArchitecture;
		};
/* End XCSwiftPackageProductDependency section */
	};
	rootObject = 9431F2CC2BB87F94002070B2 /* Project object */;
}
